
Microsoft Visual Studio Solution File, Format Version 12.00
# Visual Studio Version 17
VisualStudioVersion = 17.14.36414.22 d17.14
MinimumVisualStudioVersion = 10.0.40219.1
Project("{FAE04EC0-301F-11D3-BF4B-00C04F79EFBC}") = "note_pad", "note_pad\note_pad.csproj", "{6C659AFF-8C72-4EC2-A373-4812D40C79D7}"
EndProject
Global
	GlobalSection(SolutionConfigurationPlatforms) = preSolution
		Debug|Any CPU = Debug|Any CPU
		Release|Any CPU = Release|Any CPU
	EndGlobalSection
	GlobalSection(ProjectConfigurationPlatforms) = postSolution
		{6C659AFF-8C72-4EC2-A373-4812D40C79D7}.Debug|Any CPU.ActiveCfg = Debug|Any CPU
		{6C659AFF-8C72-4EC2-A373-4812D40C79D7}.Debug|Any CPU.Build.0 = Debug|Any CPU
		{6C659AFF-8C72-4EC2-A373-4812D40C79D7}.Release|Any CPU.ActiveCfg = Release|Any CPU
		{6C659AFF-8C72-4EC2-A373-4812D40C79D7}.Release|Any CPU.Build.0 = Release|Any CPU
	EndGlobalSection
	GlobalSection(SolutionProperties) = preSolution
		HideSolutionNode = FALSE
	EndGlobalSection
	GlobalSection(ExtensibilityGlobals) = postSolution
		SolutionGuid = {723BF235-84C8-42D9-82AF-EB6E424145EF}
	EndGlobalSection
EndGlobal
